<?xml version="1.0" encoding="utf-8"?>
<Project ToolsVersion="4.0" xmlns="http://schemas.microsoft.com/developer/msbuild/2003">
  <ItemGroup>
    <Filter Include="Source Files">
      <UniqueIdentifier>{4FC737F1-C7A5-4376-A066-2A32D752A2FF}</UniqueIdentifier>
      <Extensions>cpp;c;cc;cxx;def;odl;idl;hpj;bat;asm;asmx</Extensions>
    </Filter>
    <Filter Include="Header Files">
      <UniqueIdentifier>{93995380-89BD-4b04-88EB-625FBE52EBFB}</UniqueIdentifier>
      <Extensions>h;hh;hpp;hxx;hm;inl;inc;xsd</Extensions>
    </Filter>
    <Filter Include="Resource Files">
      <UniqueIdentifier>{67DA6AB6-F800-4c08-8B7A-83BB121AAD01}</UniqueIdentifier>
      <Extensions>rc;ico;cur;bmp;dlg;rc2;rct;bin;rgs;gif;jpg;jpeg;jpe;resx;tiff;tif;png;wav;mfcribbon-ms</Extensions>
    </Filter>
    <Filter Include="Game">
      <UniqueIdentifier>{57c48f0b-3a70-4ee7-a7f5-eb73331b7dd8}</UniqueIdentifier>
    </Filter>
    <Filter Include="Engine">
      <UniqueIdentifier>{0fd8146d-bca5-4836-bcb4-7e53820ed6a2}</UniqueIdentifier>
    </Filter>
    <Filter Include="Engine\Debugging">
      <UniqueIdentifier>{2fd5121f-ed02-4da1-ab93-58615715bd6c}</UniqueIdentifier>
    </Filter>
    <Filter Include="Engine\Data Types">
      <UniqueIdentifier>{f2d13bbb-e647-4163-9c29-00db39725260}</UniqueIdentifier>
    </Filter>
    <Filter Include="Engine\Input Management">
      <UniqueIdentifier>{8bb719f5-de4a-47aa-9c6b-01f5230ecaf7}</UniqueIdentifier>
    </Filter>
    <Filter Include="Engine\Multimedia">
      <UniqueIdentifier>{434fb5a9-9ffb-49e9-be06-65f3b3e320aa}</UniqueIdentifier>
    </Filter>
    <Filter Include="Engine\Rendering">
      <UniqueIdentifier>{96a38040-1362-4d96-8774-135dcdd25ef6}</UniqueIdentifier>
    </Filter>
    <Filter Include="Engine\Resource Management">
      <UniqueIdentifier>{a2797a25-846d-40cd-9238-3e8f0e1e4aec}</UniqueIdentifier>
    </Filter>
    <Filter Include="Engine\Util">
      <UniqueIdentifier>{ab46b424-373c-4376-a245-eef60eb5c297}</UniqueIdentifier>
    </Filter>
    <Filter Include="Engine\Lua">
      <UniqueIdentifier>{9147a8ef-c5bd-416e-a82c-eef3673e7c40}</UniqueIdentifier>
    </Filter>
    <Filter Include="Engine\Lua\src">
      <UniqueIdentifier>{77aeba83-3ed5-4ea4-bf8a-5c08af2988fd}</UniqueIdentifier>
    </Filter>
    <Filter Include="Game\Scenes">
      <UniqueIdentifier>{7ebea94d-37c7-4302-932c-c32d9d644b45}</UniqueIdentifier>
    </Filter>
  </ItemGroup>
  <ItemGroup>
    <ClCompile Include="resource_manager.cpp">
      <Filter>Engine\Resource Management</Filter>
    </ClCompile>
    <ClCompile Include="sprite.cpp">
      <Filter>Engine\Rendering</Filter>
    </ClCompile>
    <ClCompile Include="window.cpp">
      <Filter>Engine\Rendering</Filter>
    </ClCompile>
    <ClCompile Include="audio.cpp">
      <Filter>Engine\Multimedia</Filter>
    </ClCompile>
    <ClCompile Include="keyboard.cpp">
      <Filter>Engine\Input Management</Filter>
    </ClCompile>
    <ClCompile Include="mouse.cpp">
      <Filter>Engine\Input Management</Filter>
    </ClCompile>
    <ClCompile Include="logger.cpp">
      <Filter>Engine\Debugging</Filter>
    </ClCompile>
    <ClCompile Include="bengine.cpp">
      <Filter>Engine</Filter>
    </ClCompile>
    <ClCompile Include="game_object.cpp">
      <Filter>Engine\Data Types</Filter>
    </ClCompile>
    <ClCompile Include="text.cpp">
      <Filter>Engine\Data Types</Filter>
    </ClCompile>
    <ClCompile Include="timer.cpp">
      <Filter>Engine\Data Types</Filter>
    </ClCompile>
    <ClCompile Include="transform.cpp">
      <Filter>Engine\Data Types</Filter>
    </ClCompile>
    <ClCompile Include="game.cpp">
      <Filter>Game</Filter>
    </ClCompile>
    <ClCompile Include="math.cpp">
      <Filter>Engine\Util</Filter>
    </ClCompile>
    <ClCompile Include="main.cpp">
      <Filter>Source Files</Filter>
    </ClCompile>
    <ClCompile Include="world.cpp">
      <Filter>Engine\Data Types</Filter>
    </ClCompile>
    <ClCompile Include="lua\src\lapi.c">
      <Filter>Engine\Lua\src</Filter>
    </ClCompile>
    <ClCompile Include="lua\src\lauxlib.c">
      <Filter>Engine\Lua\src</Filter>
    </ClCompile>
    <ClCompile Include="lua\src\lbaselib.c">
      <Filter>Engine\Lua\src</Filter>
    </ClCompile>
    <ClCompile Include="lua\src\lbitlib.c">
      <Filter>Engine\Lua\src</Filter>
    </ClCompile>
    <ClCompile Include="lua\src\lcode.c">
      <Filter>Engine\Lua\src</Filter>
    </ClCompile>
    <ClCompile Include="lua\src\lcorolib.c">
      <Filter>Engine\Lua\src</Filter>
    </ClCompile>
    <ClCompile Include="lua\src\lctype.c">
      <Filter>Engine\Lua\src</Filter>
    </ClCompile>
    <ClCompile Include="lua\src\ldblib.c">
      <Filter>Engine\Lua\src</Filter>
    </ClCompile>
    <ClCompile Include="lua\src\ldebug.c">
      <Filter>Engine\Lua\src</Filter>
    </ClCompile>
    <ClCompile Include="lua\src\ldo.c">
      <Filter>Engine\Lua\src</Filter>
    </ClCompile>
    <ClCompile Include="lua\src\ldump.c">
      <Filter>Engine\Lua\src</Filter>
    </ClCompile>
    <ClCompile Include="lua\src\lfunc.c">
      <Filter>Engine\Lua\src</Filter>
    </ClCompile>
    <ClCompile Include="lua\src\lgc.c">
      <Filter>Engine\Lua\src</Filter>
    </ClCompile>
    <ClCompile Include="lua\src\linit.c">
      <Filter>Engine\Lua\src</Filter>
    </ClCompile>
    <ClCompile Include="lua\src\liolib.c">
      <Filter>Engine\Lua\src</Filter>
    </ClCompile>
    <ClCompile Include="lua\src\llex.c">
      <Filter>Engine\Lua\src</Filter>
    </ClCompile>
    <ClCompile Include="lua\src\lmathlib.c">
      <Filter>Engine\Lua\src</Filter>
    </ClCompile>
    <ClCompile Include="lua\src\lmem.c">
      <Filter>Engine\Lua\src</Filter>
    </ClCompile>
    <ClCompile Include="lua\src\loadlib.c">
      <Filter>Engine\Lua\src</Filter>
    </ClCompile>
    <ClCompile Include="lua\src\lobject.c">
      <Filter>Engine\Lua\src</Filter>
    </ClCompile>
    <ClCompile Include="lua\src\lopcodes.c">
      <Filter>Engine\Lua\src</Filter>
    </ClCompile>
    <ClCompile Include="lua\src\loslib.c">
      <Filter>Engine\Lua\src</Filter>
    </ClCompile>
    <ClCompile Include="lua\src\lparser.c">
      <Filter>Engine\Lua\src</Filter>
    </ClCompile>
    <ClCompile Include="lua\src\lstate.c">
      <Filter>Engine\Lua\src</Filter>
    </ClCompile>
    <ClCompile Include="lua\src\lstring.c">
      <Filter>Engine\Lua\src</Filter>
    </ClCompile>
    <ClCompile Include="lua\src\lstrlib.c">
      <Filter>Engine\Lua\src</Filter>
    </ClCompile>
    <ClCompile Include="lua\src\ltable.c">
      <Filter>Engine\Lua\src</Filter>
    </ClCompile>
    <ClCompile Include="lua\src\ltablib.c">
      <Filter>Engine\Lua\src</Filter>
    </ClCompile>
    <ClCompile Include="lua\src\ltm.c">
      <Filter>Engine\Lua\src</Filter>
    </ClCompile>
    <ClCompile Include="lua\src\lundump.c">
      <Filter>Engine\Lua\src</Filter>
    </ClCompile>
    <ClCompile Include="lua\src\lutf8lib.c">
      <Filter>Engine\Lua\src</Filter>
    </ClCompile>
    <ClCompile Include="lua\src\lvm.c">
      <Filter>Engine\Lua\src</Filter>
    </ClCompile>
    <ClCompile Include="lua\src\lzio.c">
      <Filter>Engine\Lua\src</Filter>
    </ClCompile>
    <ClCompile Include="Lua.cpp">
      <Filter>Engine\Lua</Filter>
    </ClCompile>
    <ClCompile Include="lua_functions.cpp">
      <Filter>Engine\Lua</Filter>
    </ClCompile>
    <ClCompile Include="button.cpp">
      <Filter>Engine\Data Types</Filter>
    </ClCompile>
    <ClCompile Include="scn_main_menu.cpp">
      <Filter>Game\Scenes</Filter>
    </ClCompile>
    <ClCompile Include="random.cpp">
      <Filter>Source Files</Filter>
    </ClCompile>
  </ItemGroup>
  <ItemGroup>
    <ClInclude Include="resource.h">
      <Filter>Header Files</Filter>
    </ClInclude>
    <ClInclude Include="resource_manager.h">
      <Filter>Engine\Resource Management</Filter>
    </ClInclude>
    <ClInclude Include="sprite.h">
      <Filter>Engine\Rendering</Filter>
    </ClInclude>
    <ClInclude Include="window.h">
      <Filter>Engine\Rendering</Filter>
    </ClInclude>
    <ClInclude Include="audio.h">
      <Filter>Engine\Multimedia</Filter>
    </ClInclude>
    <ClInclude Include="keyboard.h">
      <Filter>Engine\Input Management</Filter>
    </ClInclude>
    <ClInclude Include="mouse.h">
      <Filter>Engine\Input Management</Filter>
    </ClInclude>
    <ClInclude Include="logger.h">
      <Filter>Engine\Debugging</Filter>
    </ClInclude>
    <ClInclude Include="bengine.h">
      <Filter>Engine</Filter>
    </ClInclude>
    <ClInclude Include="bengine_typedefs.h">
      <Filter>Engine</Filter>
    </ClInclude>
    <ClInclude Include="colour.h">
      <Filter>Engine\Data Types</Filter>
    </ClInclude>
    <ClInclude Include="game_object.h">
      <Filter>Engine\Data Types</Filter>
    </ClInclude>
    <ClInclude Include="rectangle.h">
      <Filter>Engine\Data Types</Filter>
    </ClInclude>
    <ClInclude Include="text.h">
      <Filter>Engine\Data Types</Filter>
    </ClInclude>
    <ClInclude Include="timer.h">
      <Filter>Engine\Data Types</Filter>
    </ClInclude>
    <ClInclude Include="transform.h">
      <Filter>Engine\Data Types</Filter>
    </ClInclude>
    <ClInclude Include="vector2.h">
      <Filter>Engine\Data Types</Filter>
    </ClInclude>
    <ClInclude Include="game.h">
      <Filter>Game</Filter>
    </ClInclude>
    <ClInclude Include="math.h">
      <Filter>Engine\Util</Filter>
    </ClInclude>
    <ClInclude Include="world.h">
      <Filter>Engine\Data Types</Filter>
    </ClInclude>
    <ClInclude Include="Lua.h">
      <Filter>Engine\Lua</Filter>
    </ClInclude>
    <ClInclude Include="button.h">
      <Filter>Engine\Data Types</Filter>
    </ClInclude>
    <ClInclude Include="scene.h">
      <Filter>Engine\Data Types</Filter>
    </ClInclude>
    <ClInclude Include="scn_main_menu.h">
      <Filter>Game\Scenes</Filter>
    </ClInclude>
    <ClInclude Include="random.h">
      <Filter>Header Files</Filter>
    </ClInclude>
  </ItemGroup>
  <ItemGroup>
    <ResourceCompile Include="Bengine.rc">
      <Filter>Resource Files</Filter>
    </ResourceCompile>
  </ItemGroup>
  <ItemGroup>
    <Image Include="Images\Icon\bengine.ico">
      <Filter>Resource Files</Filter>
    </Image>
  </ItemGroup>
</Project>